
Microsoft Visual Studio Solution File, Format Version 12.00
# Visual Studio Version 16
VisualStudioVersion = 16.0.29020.237
MinimumVisualStudioVersion = 10.0.40219.1
Project("{9A19103F-16F7-4668-BE54-9A1E7A4F7556}") = "ConsultaMD", "ConsultaMD\ConsultaMD.csproj", "{B836DEF5-A2ED-4ECD-A5A3-F32ACF1F8013}"
EndProject
Global
	GlobalSection(SolutionConfigurationPlatforms) = preSolution
		Debug|Any CPU = Debug|Any CPU
		Release|Any CPU = Release|Any CPU
	EndGlobalSection
	GlobalSection(ProjectConfigurationPlatforms) = postSolution
		{B836DEF5-A2ED-4ECD-A5A3-F32ACF1F8013}.Debug|Any CPU.ActiveCfg = Debug|Any CPU
		{B836DEF5-A2ED-4ECD-A5A3-F32ACF1F8013}.Debug|Any CPU.Build.0 = Debug|Any CPU
		{B836DEF5-A2ED-4ECD-A5A3-F32ACF1F8013}.Release|Any CPU.ActiveCfg = Release|Any CPU
		{B836DEF5-A2ED-4ECD-A5A3-F32ACF1F8013}.Release|Any CPU.Build.0 = Release|Any CPU
	EndGlobalSection
	GlobalSection(SolutionProperties) = preSolution
		HideSolutionNode = FALSE
	EndGlobalSection
	GlobalSection(ExtensibilityGlobals) = postSolution
		SolutionGuid = {187DF5C2-9CD8-41A5-ABD2-CFFB153076E3}
	EndGlobalSection
EndGlobal
