{
  "name": "consultamd",
  "version": "1.0.0",
  "lockfileVersion": 1,
  "requires": true,
  "dependencies": {
    "@fullcalendar/core": {
      "version": "4.3.1",
      "resolved": "https://registry.npmjs.org/@fullcalendar/core/-/core-4.3.1.tgz",
      "integrity": "sha512-Eh+p/wpMkWGu26f8NpfQK9ecQMoZxX/aopv+0+4/CH+Ip0paP6iEc40JYgTz7RFl0bFqV1dvwyGyUZ4+9ZeySA=="
    },
    "@types/cash": {
      "version": "0.0.3",
      "resolved": "https://registry.npmjs.org/@types/cash/-/cash-0.0.3.tgz",
      "integrity": "sha512-gS24kdFuVwfo5h7IlStnXyBSIH4e9aFIhNHb4w+o5DwbYDeQJv+i9heh7u7nSvqnOP3v34tQMTe7VoJp2US08w=="
    },
    "@types/cldrjs": {
      "version": "0.4.20",
      "resolved": "https://registry.npmjs.org/@types/cldrjs/-/cldrjs-0.4.20.tgz",
      "integrity": "sha512-vQe6BQF9QCHSLUlNjRa/1zicRCnQnTRwhW/FqgVv26A85COY1jfkkO6JjogDv22U3LRhu9pY4uPQOlxGnsuJPA=="
    },
    "@types/globalize": {
      "version": "0.0.34",
      "resolved": "https://registry.npmjs.org/@types/globalize/-/globalize-0.0.34.tgz",
      "integrity": "sha512-FQTLuqZxqf+T1Ao6RzaIP7HcTcNvgDf0YQfK90YGYt1N6KeU5GE0M/hsxdQlpqvuztxjEwEQqIO3paSO/tZ4Pw==",
      "requires": {
        "@types/cldrjs": "*"
      }
    },
    "@types/googlemaps": {
      "version": "3.37.7",
      "resolved": "https://registry.npmjs.org/@types/googlemaps/-/googlemaps-3.37.7.tgz",
      "integrity": "sha512-a+mvO0PHHBmvojRAKEo81MYnG8JlZScDoguVHqMi/myfrJIF1KmcSNVyMi6Y5BG/skgLpFJM37nl+hwHNGb3ig=="
    },
    "@types/jquery": {
      "version": "3.3.31",
      "resolved": "https://registry.npmjs.org/@types/jquery/-/jquery-3.3.31.tgz",
      "integrity": "sha512-Lz4BAJihoFw5nRzKvg4nawXPzutkv7wmfQ5121avptaSIXlDNJCUuxZxX/G+9EVidZGuO0UBlk+YjKbwRKJigg==",
      "requires": {
        "@types/sizzle": "*"
      }
    },
    "@types/jquery-validation-unobtrusive": {
      "version": "3.2.32",
      "resolved": "https://registry.npmjs.org/@types/jquery-validation-unobtrusive/-/jquery-validation-unobtrusive-3.2.32.tgz",
      "integrity": "sha512-RdGqqH2eheWG8laRwUb/rESNdELWV0wV2AVBkOn1pKI158UEvxOJObQjcJf8F4AMx61H/Dl4YApFO3hBzLKZvQ==",
      "requires": {
        "@types/jquery.validation": "*"
      }
    },
    "@types/jquery.validation": {
      "version": "1.16.6",
      "resolved": "https://registry.npmjs.org/@types/jquery.validation/-/jquery.validation-1.16.6.tgz",
      "integrity": "sha512-RA2bYZELFFmA17mxarjKdCtsn8EH0dOKgj7tpJmeLREkMaOj4H1PbD3UIBuAGQ3Yn8o5748l5IWUmWoAoRYgIw==",
      "requires": {
        "@types/jquery": "*"
      }
    },
    "@types/materialize-css": {
      "version": "1.0.6",
      "resolved": "https://registry.npmjs.org/@types/materialize-css/-/materialize-css-1.0.6.tgz",
      "integrity": "sha512-H/QXdgih11880Rx+yhLU5mDCm3SVGF7CYyQjEmRYGrn/fGrPc+s2SQBwbB9gZCw2a/39bDkH/v+wyysj0nWXCQ==",
      "requires": {
        "@types/cash": "*",
        "@types/jquery": "*"
      }
    },
    "@types/moment": {
      "version": "2.13.0",
      "resolved": "https://registry.npmjs.org/@types/moment/-/moment-2.13.0.tgz",
      "integrity": "sha1-YE69GJvDvDShVIaJQE5hoqSqyJY=",
      "requires": {
        "moment": "*"
      }
    },
    "@types/owl.carousel": {
      "version": "2.3.1",
      "resolved": "https://registry.npmjs.org/@types/owl.carousel/-/owl.carousel-2.3.1.tgz",
      "integrity": "sha512-D4N1k+zTtdxSgQQeTaSYqJ/Av5X41u5VNymNznIrnngzhLVmM6WYh8Iga8Hr3dHKnijDhElya1JZJAMzjVbTkQ==",
      "requires": {
        "@types/jquery": "*"
      }
    },
    "@types/requirejs": {
      "version": "2.1.31",
      "resolved": "https://registry.npmjs.org/@types/requirejs/-/requirejs-2.1.31.tgz",
      "integrity": "sha512-b2soeyuU76rMbcRJ4e0hEl0tbMhFwZeTC0VZnfuWlfGlk6BwWNsev6kFu/twKABPX29wkX84wU2o+cEJoXsiTw=="
    },
    "@types/select2": {
      "version": "4.0.48",
      "resolved": "https://registry.npmjs.org/@types/select2/-/select2-4.0.48.tgz",
      "integrity": "sha512-C1cUbfwKBqlO+/3OWQKMajA4D/d5SvI9rSGoXCa7FQI9B1p1iRqZzetkfpGPY44BP1Y8emHL17rdUJYZEyzN+Q==",
      "requires": {
        "@types/jquery": "*",
        "@types/requirejs": "*"
      }
    },
    "@types/sizzle": {
      "version": "2.3.2",
      "resolved": "https://registry.npmjs.org/@types/sizzle/-/sizzle-2.3.2.tgz",
      "integrity": "sha512-7EJYyKTL7tFR8+gDbB6Wwz/arpGa0Mywk1TJbNzKzHtzbwVmY4HR9WqS5VV7dsBUKQmPNr192jHr/VpBluj/hg=="
    },
    "@types/webrtc": {
      "version": "0.0.25",
      "resolved": "https://registry.npmjs.org/@types/webrtc/-/webrtc-0.0.25.tgz",
      "integrity": "sha512-ep/e+p2uUKV1h96GBgRhwomrBch/bPDHPOKbCHODLGRUDuuKe2s7sErlFVKw+5BYUzvpxSmUNqoadaZ44MePoQ=="
    },
    "@types/wnumb": {
      "version": "1.0.28",
      "resolved": "https://registry.npmjs.org/@types/wnumb/-/wnumb-1.0.28.tgz",
      "integrity": "sha512-9B1E/Sdj07fmeqp54NDJ88qbbGECmI2eEc07MkF4A+4PwzjdCuKaSyxzDl4cATdMcJ1Z3be//vnWXFzeZkKWbg=="
    },
    "@ungap/create-content": {
      "version": "0.1.4",
      "resolved": "https://registry.npmjs.org/@ungap/create-content/-/create-content-0.1.4.tgz",
      "integrity": "sha512-YM6YQkF5wUxJlw5yDzEAzJfPK/kXR/GxIARx4NNJCInfx/nirHmy3ujPjfi7CaXjcVCwyfpv3vKQm6h762lbRA=="
    },
    "@ungap/essential-map": {
      "version": "0.2.0",
      "resolved": "https://registry.npmjs.org/@ungap/essential-map/-/essential-map-0.2.0.tgz",
      "integrity": "sha512-PM7rUPhH2IAeDZXGjMi1KwNVW/4b/wxfzlPkZSXacHA5A98n+PdCou+HD2EaeXlO8pY5Tp81Ysg+J2xB7J/mjw=="
    },
    "@ungap/import-node": {
      "version": "0.1.0",
      "resolved": "https://registry.npmjs.org/@ungap/import-node/-/import-node-0.1.0.tgz",
      "integrity": "sha512-FymNeJTWYNrZcnj7HFJwdaAZWrD1bUv8Na60RGIA142qtaRcOZs0KHGh+QSy7u7GNpW6wGnw9EdCQx4IYPE8cg=="
    },
    "@ungap/template-literal": {
      "version": "0.4.1",
      "resolved": "https://registry.npmjs.org/@ungap/template-literal/-/template-literal-0.4.1.tgz",
      "integrity": "sha512-+hoSovATXOiz+KaKP8qHSl1/4Pgvne1/1CjD17GeQv8AAIMU2JFTPidqYFowrpAFPvuzuSn3fUVQygePVNp/WQ==",
      "requires": {
        "@ungap/weakmap": "^0.1.4"
      }
    },
    "@ungap/template-tag-arguments": {
      "version": "0.3.1",
      "resolved": "https://registry.npmjs.org/@ungap/template-tag-arguments/-/template-tag-arguments-0.3.1.tgz",
      "integrity": "sha512-UGZGVfvEu1VenIPXQl/0IF/uTBoryMf0WZXWAgMC/HQECiUm0Cmy3DYB1sS3ybQf9XuXrYTUIECD3xTzQ0A9og==",
      "requires": {
        "@ungap/template-literal": "^0.4.1"
      }
    },
    "@ungap/trim": {
      "version": "0.1.1",
      "resolved": "https://registry.npmjs.org/@ungap/trim/-/trim-0.1.1.tgz",
      "integrity": "sha512-f2jiPMFD8qmoNV5kxZ6RwSwmnloxtGUcG3W5Fbe9rC3vwXlPxWT0g5J0mN3+rM9C/u1p24gIVTSxNBPOtyu7Sw=="
    },
    "@ungap/weakmap": {
      "version": "0.1.4",
      "resolved": "https://registry.npmjs.org/@ungap/weakmap/-/weakmap-0.1.4.tgz",
      "integrity": "sha512-TO4TTwlQXdjHKoWgKxsMqApnOV8JruaNilqOg0I04MTYb5+fj9taIVijS4ILwWg0ytQY5DwTKzPWj+0G+7bsXw=="
    },
    "domconstants": {
      "version": "0.1.1",
      "resolved": "https://registry.npmjs.org/domconstants/-/domconstants-0.1.1.tgz",
      "integrity": "sha512-Pk4K6tLOzSh0cZDuh7TQivZtYLC6Z8dNissoDyy2tQoVNg8ewScxG3AVJO76kLcTta/u7bgEO6xbIR97MiInfA=="
    },
    "domdiff": {
      "version": "2.1.0",
      "resolved": "https://registry.npmjs.org/domdiff/-/domdiff-2.1.0.tgz",
      "integrity": "sha512-nAhQRNfdaPonINrzrjj1BR1Fcmy5KbDGnnA6a8moHSqeE12jIqTkjYqGeM5pdHL9vYSzwXAJuqhbTgrpQ2OCuQ==",
      "requires": {
        "@ungap/essential-map": "^0.2.0"
      }
    },
    "domsanitizer": {
      "version": "0.2.2",
      "resolved": "https://registry.npmjs.org/domsanitizer/-/domsanitizer-0.2.2.tgz",
      "integrity": "sha512-2nqCaLWi+tpT7oOa862BVrG7bHzYlWFZ5ltmvt4LXECxe5FnwF/zKGs/gWanZWGmv1pwdUTkO9TamoZMqI0Pmg==",
      "requires": {
        "domconstants": "^0.1.1"
      }
    },
    "domtagger": {
      "version": "0.5.9",
      "resolved": "https://registry.npmjs.org/domtagger/-/domtagger-0.5.9.tgz",
      "integrity": "sha512-FvXxytx+bj3PFNU+0KvS2K1nDvUOXFZzH4QPkdO4eMEdOACTUMFy1EHwZmncZ1lxEcR24SZU8QgqteMMg0KNww==",
      "requires": {
        "@ungap/create-content": "^0.1.4",
        "@ungap/essential-map": "^0.2.0",
        "@ungap/import-node": "^0.1.0",
        "@ungap/trim": "^0.1.1",
        "@ungap/weakmap": "^0.1.4",
        "domconstants": "^0.1.1",
        "domsanitizer": "^0.2.2"
      }
    },
    "hyperhtml-style": {
      "version": "0.1.2",
      "resolved": "https://registry.npmjs.org/hyperhtml-style/-/hyperhtml-style-0.1.2.tgz",
      "integrity": "sha512-ZDRYNClEaqUS0a8RAED0nQRqWmZk7ctdyij3Iw/PqUUef6xhYO87nx9vJNuxg7Yc6J2FdJjXRKbB0iud2ZyzwQ=="
    },
    "hyperhtml-wire": {
      "version": "2.1.0",
      "resolved": "https://registry.npmjs.org/hyperhtml-wire/-/hyperhtml-wire-2.1.0.tgz",
      "integrity": "sha512-LqFs/MgvxyMVM8O3Fx7QcCDWWkga3JeMA7C1inHM71PIchupSyj2u/zG8Blw+KfJHIFmEsx09KxOrgykGqoopQ=="
    },
    "lighterhtml": {
      "version": "1.2.1",
      "resolved": "https://registry.npmjs.org/lighterhtml/-/lighterhtml-1.2.1.tgz",
      "integrity": "sha512-3ylxazDSG6RJGHlbLBClDtEIIfPWbRY37ZaMYN+UByvRQrnSMAWCrE58O44qZC1YBCPI5Qj2x5lATDy8cdnt1g==",
      "requires": {
        "@ungap/create-content": "^0.1.4",
        "@ungap/template-tag-arguments": "^0.3.1",
        "@ungap/weakmap": "^0.1.4",
        "domdiff": "^2.1.0",
        "domsanitizer": "^0.2.2",
        "domtagger": "^0.5.9",
        "hyperhtml-style": "^0.1.2",
        "hyperhtml-wire": "^2.1.0"
      }
    },
    "moment": {
      "version": "2.24.0",
      "resolved": "https://registry.npmjs.org/moment/-/moment-2.24.0.tgz",
      "integrity": "sha512-bV7f+6l2QigeBBZSM/6yTNq4P2fNpSWj/0e7jQcy87A8e7o2nAfP/34/2ky5Vw4B9S446EtIhodAzkFCcR4dQg=="
    }
  }
}
