# THIS IS AN AUTOGENERATED FILE. DO NOT EDIT THIS FILE DIRECTLY.
# yarn lockfile v1


"@fullcalendar/core@^4.3.1":
  version "4.3.1"
  resolved "https://registry.yarnpkg.com/@fullcalendar/core/-/core-4.3.1.tgz#a061c6d2e998d4155439dbc8aefdfe01cdf648d8"
  integrity sha512-Eh+p/wpMkWGu26f8NpfQK9ecQMoZxX/aopv+0+4/CH+Ip0paP6iEc40JYgTz7RFl0bFqV1dvwyGyUZ4+9ZeySA==

"@types/cash@*":
  version "0.0.3"
  resolved "https://registry.yarnpkg.com/@types/cash/-/cash-0.0.3.tgz#770d6382c605bb4f8572f17cea6f40cec5832496"
  integrity sha512-gS24kdFuVwfo5h7IlStnXyBSIH4e9aFIhNHb4w+o5DwbYDeQJv+i9heh7u7nSvqnOP3v34tQMTe7VoJp2US08w==

"@types/cldrjs@*":
  version "0.4.20"
  resolved "https://registry.yarnpkg.com/@types/cldrjs/-/cldrjs-0.4.20.tgz#b661657dac028a9e5131358db793e7f58db231dd"
  integrity sha512-vQe6BQF9QCHSLUlNjRa/1zicRCnQnTRwhW/FqgVv26A85COY1jfkkO6JjogDv22U3LRhu9pY4uPQOlxGnsuJPA==

"@types/globalize@0.0.34":
  version "0.0.34"
  resolved "https://registry.yarnpkg.com/@types/globalize/-/globalize-0.0.34.tgz#6b61c8a49b1cd83c7026c6987d50be2eb54d2b4f"
  integrity sha512-FQTLuqZxqf+T1Ao6RzaIP7HcTcNvgDf0YQfK90YGYt1N6KeU5GE0M/hsxdQlpqvuztxjEwEQqIO3paSO/tZ4Pw==
  dependencies:
    "@types/cldrjs" "*"

"@types/googlemaps@^3.37.7":
  version "3.37.7"
  resolved "https://registry.yarnpkg.com/@types/googlemaps/-/googlemaps-3.37.7.tgz#224cc94fecfc6cb1be95b7f03ec50218ef8a5deb"
  integrity sha512-a+mvO0PHHBmvojRAKEo81MYnG8JlZScDoguVHqMi/myfrJIF1KmcSNVyMi6Y5BG/skgLpFJM37nl+hwHNGb3ig==

"@types/jquery-validation-unobtrusive@^3.2.32":
  version "3.2.32"
  resolved "https://registry.yarnpkg.com/@types/jquery-validation-unobtrusive/-/jquery-validation-unobtrusive-3.2.32.tgz#21e8de36da77d9ec323d5d4fe582c4e6cf9c02c7"
  integrity sha512-RdGqqH2eheWG8laRwUb/rESNdELWV0wV2AVBkOn1pKI158UEvxOJObQjcJf8F4AMx61H/Dl4YApFO3hBzLKZvQ==
  dependencies:
    "@types/jquery.validation" "*"

"@types/jquery.validation@*", "@types/jquery.validation@^1.16.6":
  version "1.16.6"
  resolved "https://registry.yarnpkg.com/@types/jquery.validation/-/jquery.validation-1.16.6.tgz#d6916af1c8fd858d5da11f81b14c80d75762f30e"
  integrity sha512-RA2bYZELFFmA17mxarjKdCtsn8EH0dOKgj7tpJmeLREkMaOj4H1PbD3UIBuAGQ3Yn8o5748l5IWUmWoAoRYgIw==
  dependencies:
    "@types/jquery" "*"

"@types/jquery@*", "@types/jquery@^3.3.31":
  version "3.3.31"
  resolved "https://registry.yarnpkg.com/@types/jquery/-/jquery-3.3.31.tgz#27c706e4bf488474e1cb54a71d8303f37c93451b"
  integrity sha512-Lz4BAJihoFw5nRzKvg4nawXPzutkv7wmfQ5121avptaSIXlDNJCUuxZxX/G+9EVidZGuO0UBlk+YjKbwRKJigg==
  dependencies:
    "@types/sizzle" "*"

"@types/materialize-css@^1.0.6":
  version "1.0.6"
  resolved "https://registry.yarnpkg.com/@types/materialize-css/-/materialize-css-1.0.6.tgz#94ba0261b4d581f444dd5d543d5d73926ba3c5c7"
  integrity sha512-H/QXdgih11880Rx+yhLU5mDCm3SVGF7CYyQjEmRYGrn/fGrPc+s2SQBwbB9gZCw2a/39bDkH/v+wyysj0nWXCQ==
  dependencies:
    "@types/cash" "*"
    "@types/jquery" "*"

"@types/moment@^2.13.0":
  version "2.13.0"
  resolved "https://registry.yarnpkg.com/@types/moment/-/moment-2.13.0.tgz#604ebd189bc3bc34a1548689404e61a2a4aac896"
  integrity sha1-YE69GJvDvDShVIaJQE5hoqSqyJY=
  dependencies:
    moment "*"

"@types/sizzle@*":
  version "2.3.2"
  resolved "https://registry.yarnpkg.com/@types/sizzle/-/sizzle-2.3.2.tgz#a811b8c18e2babab7d542b3365887ae2e4d9de47"
  integrity sha512-7EJYyKTL7tFR8+gDbB6Wwz/arpGa0Mywk1TJbNzKzHtzbwVmY4HR9WqS5VV7dsBUKQmPNr192jHr/VpBluj/hg==

"@types/webrtc@0.0.25":
  version "0.0.25"
  resolved "https://registry.yarnpkg.com/@types/webrtc/-/webrtc-0.0.25.tgz#bd2b4e7b4c13250b3d58439623f2b9adfd7dee9e"
  integrity sha512-ep/e+p2uUKV1h96GBgRhwomrBch/bPDHPOKbCHODLGRUDuuKe2s7sErlFVKw+5BYUzvpxSmUNqoadaZ44MePoQ==

"@types/wnumb@^1.0.28":
  version "1.0.28"
  resolved "https://registry.yarnpkg.com/@types/wnumb/-/wnumb-1.0.28.tgz#b50a1d059698681318ffd3b50ae75c73a534c553"
  integrity sha512-9B1E/Sdj07fmeqp54NDJ88qbbGECmI2eEc07MkF4A+4PwzjdCuKaSyxzDl4cATdMcJ1Z3be//vnWXFzeZkKWbg==

moment@*:
  version "2.24.0"
  resolved "https://registry.yarnpkg.com/moment/-/moment-2.24.0.tgz#0d055d53f5052aa653c9f6eb68bb5d12bf5c2b5b"
  integrity sha512-bV7f+6l2QigeBBZSM/6yTNq4P2fNpSWj/0e7jQcy87A8e7o2nAfP/34/2ky5Vw4B9S446EtIhodAzkFCcR4dQg==
